
Microsoft Visual Studio Solution File, Format Version 12.00
# Visual Studio Version 17
VisualStudioVersion = 17.0.31903.59
MinimumVisualStudioVersion = 10.0.40219.1
Project("{FAE04EC0-301F-11D3-BF4B-00C04F79EFBC}") = "Dima.Core", "Dima.Core\Dima.Core.csproj", "{3EBBEBE5-9C7B-4E94-A958-EB6EF4E5C7F8}"
EndProject
Project("{FAE04EC0-301F-11D3-BF4B-00C04F79EFBC}") = "Dima.Api", "Dima.Api\Dima.Api.csproj", "{2A8617E4-AC25-4B5F-827D-1F554ACD7CE1}"
EndProject
Global
	GlobalSection(SolutionConfigurationPlatforms) = preSolution
		Debug|Any CPU = Debug|Any CPU
		Release|Any CPU = Release|Any CPU
	EndGlobalSection
	GlobalSection(SolutionProperties) = preSolution
		HideSolutionNode = FALSE
	EndGlobalSection
	GlobalSection(ProjectConfigurationPlatforms) = postSolution
		{3EBBEBE5-9C7B-4E94-A958-EB6EF4E5C7F8}.Debug|Any CPU.ActiveCfg = Debug|Any CPU
		{3EBBEBE5-9C7B-4E94-A958-EB6EF4E5C7F8}.Debug|Any CPU.Build.0 = Debug|Any CPU
		{3EBBEBE5-9C7B-4E94-A958-EB6EF4E5C7F8}.Release|Any CPU.ActiveCfg = Release|Any CPU
		{3EBBEBE5-9C7B-4E94-A958-EB6EF4E5C7F8}.Release|Any CPU.Build.0 = Release|Any CPU
		{2A8617E4-AC25-4B5F-827D-1F554ACD7CE1}.Debug|Any CPU.ActiveCfg = Debug|Any CPU
		{2A8617E4-AC25-4B5F-827D-1F554ACD7CE1}.Debug|Any CPU.Build.0 = Debug|Any CPU
		{2A8617E4-AC25-4B5F-827D-1F554ACD7CE1}.Release|Any CPU.ActiveCfg = Release|Any CPU
		{2A8617E4-AC25-4B5F-827D-1F554ACD7CE1}.Release|Any CPU.Build.0 = Release|Any CPU
	EndGlobalSection
EndGlobal
